
Microsoft Visual Studio Solution File, Format Version 12.00
# Visual Studio Version 17
VisualStudioVersion = 17.0.31903.59
MinimumVisualStudioVersion = 10.0.40219.1
Project("{FAE04EC0-301F-11D3-BF4B-00C04F79EFBC}") = "Msqldatabase1", "Msqldatabase1\Msqldatabase1.csproj", "{C261FC6E-57AE-4870-AF77-5752A8E1D1C9}"
EndProject
Global
	GlobalSection(SolutionConfigurationPlatforms) = preSolution
		Debug|Any CPU = Debug|Any CPU
		Release|Any CPU = Release|Any CPU
	EndGlobalSection
	GlobalSection(SolutionProperties) = preSolution
		HideSolutionNode = FALSE
	EndGlobalSection
	GlobalSection(ProjectConfigurationPlatforms) = postSolution
		{C261FC6E-57AE-4870-AF77-5752A8E1D1C9}.Debug|Any CPU.ActiveCfg = Debug|Any CPU
		{C261FC6E-57AE-4870-AF77-5752A8E1D1C9}.Debug|Any CPU.Build.0 = Debug|Any CPU
		{C261FC6E-57AE-4870-AF77-5752A8E1D1C9}.Release|Any CPU.ActiveCfg = Release|Any CPU
		{C261FC6E-57AE-4870-AF77-5752A8E1D1C9}.Release|Any CPU.Build.0 = Release|Any CPU
	EndGlobalSection
EndGlobal
